
Microsoft Visual Studio Solution File, Format Version 12.00
# Visual Studio Version 16
VisualStudioVersion = 16.0.31515.178
MinimumVisualStudioVersion = 10.0.40219.1
Project("{FAE04EC0-301F-11D3-BF4B-00C04F79EFBC}") = "AnythingButCreed", "AnythingButCreed\AnythingButCreed.csproj", "{B8FC2F6F-264C-4483-B919-A5E614C2D579}"
EndProject
Global
	GlobalSection(SolutionConfigurationPlatforms) = preSolution
		Debug|Any CPU = Debug|Any CPU
		Release|Any CPU = Release|Any CPU
	EndGlobalSection
	GlobalSection(ProjectConfigurationPlatforms) = postSolution
		{B8FC2F6F-264C-4483-B919-A5E614C2D579}.Debug|Any CPU.ActiveCfg = Debug|Any CPU
		{B8FC2F6F-264C-4483-B919-A5E614C2D579}.Debug|Any CPU.Build.0 = Debug|Any CPU
		{B8FC2F6F-264C-4483-B919-A5E614C2D579}.Release|Any CPU.ActiveCfg = Release|Any CPU
		{B8FC2F6F-264C-4483-B919-A5E614C2D579}.Release|Any CPU.Build.0 = Release|Any CPU
	EndGlobalSection
	GlobalSection(SolutionProperties) = preSolution
		HideSolutionNode = FALSE
	EndGlobalSection
	GlobalSection(ExtensibilityGlobals) = postSolution
		SolutionGuid = {E9CB9D3A-F272-4105-AB2F-3AAC270DD0BE}
	EndGlobalSection
EndGlobal
